
Microsoft Visual Studio Solution File, Format Version 12.00
# Visual Studio Version 16
VisualStudioVersion = 16.0.29209.152
MinimumVisualStudioVersion = 10.0.40219.1
Project("{9A19103F-16F7-4668-BE54-9A1E7A4F7556}") = "Wpf", "src\Wpf\Wpf.csproj", "{A81AFECB-85EB-4CC9-948C-B3E90E187A49}"
EndProject
Project("{9A19103F-16F7-4668-BE54-9A1E7A4F7556}") = "BlazorChatClient.Client", "src\Blazor\BlazorChatClient\Client\BlazorChatClient.Client.csproj", "{29018AB6-E369-47FA-A500-698ED20892DD}"
EndProject
Project("{9A19103F-16F7-4668-BE54-9A1E7A4F7556}") = "BlazorChatClient.Shared", "src\Blazor\BlazorChatClient\Shared\BlazorChatClient.Shared.csproj", "{C91C5602-0FFF-4716-84DA-01BE6D7019E2}"
EndProject
Project("{9A19103F-16F7-4668-BE54-9A1E7A4F7556}") = "BlazorChatClient.Server", "src\Blazor\BlazorChatClient\Server\BlazorChatClient.Server.csproj", "{01D79522-23D4-4548-97EE-C43DB622B009}"
EndProject
Project("{9A19103F-16F7-4668-BE54-9A1E7A4F7556}") = "ApiServer", "src\Api\ApiServer.csproj", "{D377B80D-55E1-4E2D-9B41-6A0D9ACD6E2E}"
EndProject
Global
	GlobalSection(SolutionConfigurationPlatforms) = preSolution
		Debug|Any CPU = Debug|Any CPU
		Release|Any CPU = Release|Any CPU
	EndGlobalSection
	GlobalSection(ProjectConfigurationPlatforms) = postSolution
		{A81AFECB-85EB-4CC9-948C-B3E90E187A49}.Debug|Any CPU.ActiveCfg = Debug|Any CPU
		{A81AFECB-85EB-4CC9-948C-B3E90E187A49}.Debug|Any CPU.Build.0 = Debug|Any CPU
		{A81AFECB-85EB-4CC9-948C-B3E90E187A49}.Release|Any CPU.ActiveCfg = Release|Any CPU
		{A81AFECB-85EB-4CC9-948C-B3E90E187A49}.Release|Any CPU.Build.0 = Release|Any CPU
		{29018AB6-E369-47FA-A500-698ED20892DD}.Debug|Any CPU.ActiveCfg = Debug|Any CPU
		{29018AB6-E369-47FA-A500-698ED20892DD}.Debug|Any CPU.Build.0 = Debug|Any CPU
		{29018AB6-E369-47FA-A500-698ED20892DD}.Release|Any CPU.ActiveCfg = Release|Any CPU
		{29018AB6-E369-47FA-A500-698ED20892DD}.Release|Any CPU.Build.0 = Release|Any CPU
		{C91C5602-0FFF-4716-84DA-01BE6D7019E2}.Debug|Any CPU.ActiveCfg = Debug|Any CPU
		{C91C5602-0FFF-4716-84DA-01BE6D7019E2}.Debug|Any CPU.Build.0 = Debug|Any CPU
		{C91C5602-0FFF-4716-84DA-01BE6D7019E2}.Release|Any CPU.ActiveCfg = Release|Any CPU
		{C91C5602-0FFF-4716-84DA-01BE6D7019E2}.Release|Any CPU.Build.0 = Release|Any CPU
		{01D79522-23D4-4548-97EE-C43DB622B009}.Debug|Any CPU.ActiveCfg = Debug|Any CPU
		{01D79522-23D4-4548-97EE-C43DB622B009}.Debug|Any CPU.Build.0 = Debug|Any CPU
		{01D79522-23D4-4548-97EE-C43DB622B009}.Release|Any CPU.ActiveCfg = Release|Any CPU
		{01D79522-23D4-4548-97EE-C43DB622B009}.Release|Any CPU.Build.0 = Release|Any CPU
		{D377B80D-55E1-4E2D-9B41-6A0D9ACD6E2E}.Debug|Any CPU.ActiveCfg = Debug|Any CPU
		{D377B80D-55E1-4E2D-9B41-6A0D9ACD6E2E}.Debug|Any CPU.Build.0 = Debug|Any CPU
		{D377B80D-55E1-4E2D-9B41-6A0D9ACD6E2E}.Release|Any CPU.ActiveCfg = Release|Any CPU
		{D377B80D-55E1-4E2D-9B41-6A0D9ACD6E2E}.Release|Any CPU.Build.0 = Release|Any CPU
	EndGlobalSection
	GlobalSection(SolutionProperties) = preSolution
		HideSolutionNode = FALSE
	EndGlobalSection
	GlobalSection(ExtensibilityGlobals) = postSolution
		SolutionGuid = {66109A0A-A16D-44B9-8965-22297286A790}
	EndGlobalSection
EndGlobal
