
Microsoft Visual Studio Solution File, Format Version 12.00
# Visual Studio Version 16
VisualStudioVersion = 16.0.29209.152
MinimumVisualStudioVersion = 10.0.40219.1
Project("{FAE04EC0-301F-11D3-BF4B-00C04F79EFBC}") = "BlazorChatClient.Server", "BlazorChatClient\Server\BlazorChatClient.Server.csproj", "{6E5963C6-3C1A-48D7-91AA-92B51ED6BF2C}"
EndProject
Project("{FAE04EC0-301F-11D3-BF4B-00C04F79EFBC}") = "BlazorChatClient.Client", "BlazorChatClient\Client\BlazorChatClient.Client.csproj", "{36CFBD05-D2B5-4059-80A3-E02B11352CAD}"
EndProject
Project("{FAE04EC0-301F-11D3-BF4B-00C04F79EFBC}") = "BlazorChatClient.Shared", "BlazorChatClient\Shared\BlazorChatClient.Shared.csproj", "{1CCC9FF7-BE86-42EA-8B54-7C27479669D2}"
EndProject
Global
	GlobalSection(SolutionConfigurationPlatforms) = preSolution
		Debug|Any CPU = Debug|Any CPU
		Release|Any CPU = Release|Any CPU
	EndGlobalSection
	GlobalSection(ProjectConfigurationPlatforms) = postSolution
		{6E5963C6-3C1A-48D7-91AA-92B51ED6BF2C}.Debug|Any CPU.ActiveCfg = Debug|Any CPU
		{6E5963C6-3C1A-48D7-91AA-92B51ED6BF2C}.Debug|Any CPU.Build.0 = Debug|Any CPU
		{6E5963C6-3C1A-48D7-91AA-92B51ED6BF2C}.Release|Any CPU.ActiveCfg = Release|Any CPU
		{6E5963C6-3C1A-48D7-91AA-92B51ED6BF2C}.Release|Any CPU.Build.0 = Release|Any CPU
		{36CFBD05-D2B5-4059-80A3-E02B11352CAD}.Debug|Any CPU.ActiveCfg = Debug|Any CPU
		{36CFBD05-D2B5-4059-80A3-E02B11352CAD}.Debug|Any CPU.Build.0 = Debug|Any CPU
		{36CFBD05-D2B5-4059-80A3-E02B11352CAD}.Release|Any CPU.ActiveCfg = Release|Any CPU
		{36CFBD05-D2B5-4059-80A3-E02B11352CAD}.Release|Any CPU.Build.0 = Release|Any CPU
		{1CCC9FF7-BE86-42EA-8B54-7C27479669D2}.Debug|Any CPU.ActiveCfg = Debug|Any CPU
		{1CCC9FF7-BE86-42EA-8B54-7C27479669D2}.Debug|Any CPU.Build.0 = Debug|Any CPU
		{1CCC9FF7-BE86-42EA-8B54-7C27479669D2}.Release|Any CPU.ActiveCfg = Release|Any CPU
		{1CCC9FF7-BE86-42EA-8B54-7C27479669D2}.Release|Any CPU.Build.0 = Release|Any CPU
	EndGlobalSection
	GlobalSection(SolutionProperties) = preSolution
		HideSolutionNode = FALSE
	EndGlobalSection
	GlobalSection(ExtensibilityGlobals) = postSolution
		SolutionGuid = {8B96629C-5864-45FE-9256-DF611BF45ECB}
	EndGlobalSection
EndGlobal
